
Microsoft Visual Studio Solution File, Format Version 12.00
# Visual Studio Version 17
VisualStudioVersion = 17.9.34728.123
MinimumVisualStudioVersion = 10.0.40219.1
Project("{FAE04EC0-301F-11D3-BF4B-00C04F79EFBC}") = "ExamenUltimo", "ExamenUltimo\ExamenUltimo.csproj", "{5DA7E499-0DE4-4443-9463-F0BAB4F01D92}"
EndProject
Global
	GlobalSection(SolutionConfigurationPlatforms) = preSolution
		Debug|Any CPU = Debug|Any CPU
		Release|Any CPU = Release|Any CPU
	EndGlobalSection
	GlobalSection(ProjectConfigurationPlatforms) = postSolution
		{5DA7E499-0DE4-4443-9463-F0BAB4F01D92}.Debug|Any CPU.ActiveCfg = Debug|Any CPU
		{5DA7E499-0DE4-4443-9463-F0BAB4F01D92}.Debug|Any CPU.Build.0 = Debug|Any CPU
		{5DA7E499-0DE4-4443-9463-F0BAB4F01D92}.Release|Any CPU.ActiveCfg = Release|Any CPU
		{5DA7E499-0DE4-4443-9463-F0BAB4F01D92}.Release|Any CPU.Build.0 = Release|Any CPU
	EndGlobalSection
	GlobalSection(SolutionProperties) = preSolution
		HideSolutionNode = FALSE
	EndGlobalSection
	GlobalSection(ExtensibilityGlobals) = postSolution
		SolutionGuid = {4F421CFA-99B1-4C1F-907B-C1398648E423}
	EndGlobalSection
EndGlobal
